
Microsoft Visual Studio Solution File, Format Version 12.00
# Visual Studio Version 17
VisualStudioVersion = 17.10.35027.167
MinimumVisualStudioVersion = 10.0.40219.1
Project("{FAE04EC0-301F-11D3-BF4B-00C04F79EFBC}") = "FinCube", "FinCube.csproj", "{DB131D35-EF9C-455D-83CF-16F346BB5F0E}"
EndProject
Global
	GlobalSection(SolutionConfigurationPlatforms) = preSolution
		Debug|Any CPU = Debug|Any CPU
		Release|Any CPU = Release|Any CPU
	EndGlobalSection
	GlobalSection(ProjectConfigurationPlatforms) = postSolution
		{DB131D35-EF9C-455D-83CF-16F346BB5F0E}.Debug|Any CPU.ActiveCfg = Debug|Any CPU
		{DB131D35-EF9C-455D-83CF-16F346BB5F0E}.Debug|Any CPU.Build.0 = Debug|Any CPU
		{DB131D35-EF9C-455D-83CF-16F346BB5F0E}.Release|Any CPU.ActiveCfg = Release|Any CPU
		{DB131D35-EF9C-455D-83CF-16F346BB5F0E}.Release|Any CPU.Build.0 = Release|Any CPU
	EndGlobalSection
	GlobalSection(SolutionProperties) = preSolution
		HideSolutionNode = FALSE
	EndGlobalSection
	GlobalSection(ExtensibilityGlobals) = postSolution
		SolutionGuid = {A3FD2C30-1B7D-42E2-8AA5-05807DF8755A}
	EndGlobalSection
EndGlobal
